{
  "name": "@garretcharp/cdk-constructs-algolia",
  "version": "0.3.0",
  "lockfileVersion": 1,
  "requires": true,
  "dependencies": {
    "@aws-cdk/assets": {
      "version": "1.142.0",
      "resolved": "https://registry.npmjs.org/@aws-cdk/assets/-/assets-1.142.0.tgz",
      "integrity": "sha512-KeZx9RcTDDijDjUTZ2wZOHzte16/v1Rnj9nr5gkt592RUQ9jiePLfsWSiM20sXDo5nUH8pPhuTBDADVazKlrcg==",
      "requires": {
        "@aws-cdk/core": "1.142.0",
        "@aws-cdk/cx-api": "1.142.0",
        "constructs": "^3.3.69"
      }
    },
    "@aws-cdk/aws-applicationautoscaling": {
      "version": "1.142.0",
      "resolved": "https://registry.npmjs.org/@aws-cdk/aws-applicationautoscaling/-/aws-applicationautoscaling-1.142.0.tgz",
      "integrity": "sha512-Hq2YfN+BJLHdnTbX0UlAotI80HXT8Z3rlxbl0uxTP3pXjs0mUugVyRzpUbbuSbNgKtBVyp0r4MfSVYHPgMD/Zw==",
      "requires": {
        "@aws-cdk/aws-autoscaling-common": "1.142.0",
        "@aws-cdk/aws-cloudwatch": "1.142.0",
        "@aws-cdk/aws-iam": "1.142.0",
        "@aws-cdk/core": "1.142.0",
        "constructs": "^3.3.69"
      }
    },
    "@aws-cdk/aws-autoscaling-common": {
      "version": "1.142.0",
      "resolved": "https://registry.npmjs.org/@aws-cdk/aws-autoscaling-common/-/aws-autoscaling-common-1.142.0.tgz",
      "integrity": "sha512-RGUdIh6kVcp9OzsbY7ibYw5n/ExSSIcd+WxX+q/B1+USHZpJ0XbtC1ABoaSP+KTwM5Uxvf7Fl0YmBGOkv/7k8Q==",
      "requires": {
        "@aws-cdk/aws-iam": "1.142.0",
        "@aws-cdk/core": "1.142.0",
        "constructs": "^3.3.69"
      }
    },
    "@aws-cdk/aws-cloudwatch": {
      "version": "1.142.0",
      "resolved": "https://registry.npmjs.org/@aws-cdk/aws-cloudwatch/-/aws-cloudwatch-1.142.0.tgz",
      "integrity": "sha512-qvmpDVHLscrntmm31kTVnA1JLpc7e5Ca60ce0bPh/5cDiv1Xr7a5B5eDn7kSXxzlHCVD4j/rjwwMmBTxL1G1YQ==",
      "requires": {
        "@aws-cdk/aws-iam": "1.142.0",
        "@aws-cdk/core": "1.142.0",
        "constructs": "^3.3.69"
      }
    },
    "@aws-cdk/aws-codeguruprofiler": {
      "version": "1.142.0",
      "resolved": "https://registry.npmjs.org/@aws-cdk/aws-codeguruprofiler/-/aws-codeguruprofiler-1.142.0.tgz",
      "integrity": "sha512-yYKPTiafXxPtz1IarCLa+ftLBrU7DaWHY89zyBmQgFNuhuSSHSysqTIq1CwxVT4niAJMPtRCvoXLZ+4WRFdxMQ==",
      "requires": {
        "@aws-cdk/aws-iam": "1.142.0",
        "@aws-cdk/core": "1.142.0",
        "constructs": "^3.3.69"
      }
    },
    "@aws-cdk/aws-ec2": {
      "version": "1.142.0",
      "resolved": "https://registry.npmjs.org/@aws-cdk/aws-ec2/-/aws-ec2-1.142.0.tgz",
      "integrity": "sha512-BgDJaFjwYto3emnWJBJsRZnINKDiInWJJ/20XrNG6wBIVS0wSU/yOvW34nebm09xK2BLhRCK6IrrY/pjzR7wNA==",
      "requires": {
        "@aws-cdk/aws-cloudwatch": "1.142.0",
        "@aws-cdk/aws-iam": "1.142.0",
        "@aws-cdk/aws-kms": "1.142.0",
        "@aws-cdk/aws-logs": "1.142.0",
        "@aws-cdk/aws-s3": "1.142.0",
        "@aws-cdk/aws-s3-assets": "1.142.0",
        "@aws-cdk/aws-ssm": "1.142.0",
        "@aws-cdk/cloud-assembly-schema": "1.142.0",
        "@aws-cdk/core": "1.142.0",
        "@aws-cdk/cx-api": "1.142.0",
        "@aws-cdk/region-info": "1.142.0",
        "constructs": "^3.3.69"
      }
    },
    "@aws-cdk/aws-ecr": {
      "version": "1.142.0",
      "resolved": "https://registry.npmjs.org/@aws-cdk/aws-ecr/-/aws-ecr-1.142.0.tgz",
      "integrity": "sha512-RrPleH4JOiO067KTeofzTaqK5Lxxekkkk1jYVdVxFRcFi4KU1745/nH0OaypDsoCyd4vTHkjq8jBVGKJkNg2lQ==",
      "requires": {
        "@aws-cdk/aws-events": "1.142.0",
        "@aws-cdk/aws-iam": "1.142.0",
        "@aws-cdk/core": "1.142.0",
        "constructs": "^3.3.69"
      }
    },
    "@aws-cdk/aws-ecr-assets": {
      "version": "1.142.0",
      "resolved": "https://registry.npmjs.org/@aws-cdk/aws-ecr-assets/-/aws-ecr-assets-1.142.0.tgz",
      "integrity": "sha512-5Bxhevuid7D1NNNISSf4MbxfEEWXYvfMBFFgMK4zxGh2IyoX3yEEbaCD3dJCV/zrTf+IqBulfYrhT9kdFKvfKw==",
      "requires": {
        "@aws-cdk/assets": "1.142.0",
        "@aws-cdk/aws-ecr": "1.142.0",
        "@aws-cdk/aws-iam": "1.142.0",
        "@aws-cdk/aws-s3": "1.142.0",
        "@aws-cdk/core": "1.142.0",
        "@aws-cdk/cx-api": "1.142.0",
        "constructs": "^3.3.69",
        "minimatch": "^3.0.4"
      },
      "dependencies": {
        "balanced-match": {
          "version": "1.0.2",
          "bundled": true
        },
        "brace-expansion": {
          "version": "1.1.11",
          "bundled": true,
          "requires": {
            "balanced-match": "^1.0.0",
            "concat-map": "0.0.1"
          }
        },
        "concat-map": {
          "version": "0.0.1",
          "bundled": true
        },
        "minimatch": {
          "version": "3.0.4",
          "bundled": true,
          "requires": {
            "brace-expansion": "^1.1.7"
          }
        }
      }
    },
    "@aws-cdk/aws-efs": {
      "version": "1.142.0",
      "resolved": "https://registry.npmjs.org/@aws-cdk/aws-efs/-/aws-efs-1.142.0.tgz",
      "integrity": "sha512-nfOpy76TDjQOUh/lV6IxGsVEyDzjtwmjMjl56qZGZC8riVd880DG2YyhnNT1VVYC/rV2CrVzw+q+jtTCnqEcpg==",
      "requires": {
        "@aws-cdk/aws-ec2": "1.142.0",
        "@aws-cdk/aws-iam": "1.142.0",
        "@aws-cdk/aws-kms": "1.142.0",
        "@aws-cdk/cloud-assembly-schema": "1.142.0",
        "@aws-cdk/core": "1.142.0",
        "@aws-cdk/cx-api": "1.142.0",
        "constructs": "^3.3.69"
      }
    },
    "@aws-cdk/aws-events": {
      "version": "1.142.0",
      "resolved": "https://registry.npmjs.org/@aws-cdk/aws-events/-/aws-events-1.142.0.tgz",
      "integrity": "sha512-VeJH3W762latAANShjgMF+uf5PCvcVkay2VBA+1P5nxfOOBD+X4ziMHulL/iSduNbOyvKPL2JS4HvAsBdxvyHw==",
      "requires": {
        "@aws-cdk/aws-iam": "1.142.0",
        "@aws-cdk/core": "1.142.0",
        "constructs": "^3.3.69"
      }
    },
    "@aws-cdk/aws-iam": {
      "version": "1.142.0",
      "resolved": "https://registry.npmjs.org/@aws-cdk/aws-iam/-/aws-iam-1.142.0.tgz",
      "integrity": "sha512-KePh4nC4mpwjnS3epFEfibVJ7uAbYEq0kmOYbLmEAmw4p6k3FyrEIJm8+BUL13Eut8Fv7bxTCjtqrlSh3RjzbQ==",
      "requires": {
        "@aws-cdk/core": "1.142.0",
        "@aws-cdk/region-info": "1.142.0",
        "constructs": "^3.3.69"
      }
    },
    "@aws-cdk/aws-kms": {
      "version": "1.142.0",
      "resolved": "https://registry.npmjs.org/@aws-cdk/aws-kms/-/aws-kms-1.142.0.tgz",
      "integrity": "sha512-cPNqHD+bA7pSxm9wu8Apgz3SPzfQiiGImnt/NhM0xRAivEM3UmjfOvZQVPHRWXdXrV4AliNx+fGK635GW7+tuQ==",
      "requires": {
        "@aws-cdk/aws-iam": "1.142.0",
        "@aws-cdk/cloud-assembly-schema": "1.142.0",
        "@aws-cdk/core": "1.142.0",
        "@aws-cdk/cx-api": "1.142.0",
        "constructs": "^3.3.69"
      }
    },
    "@aws-cdk/aws-lambda": {
      "version": "1.142.0",
      "resolved": "https://registry.npmjs.org/@aws-cdk/aws-lambda/-/aws-lambda-1.142.0.tgz",
      "integrity": "sha512-Vf1Zk2dOFdONgPkzoo0igi+edT784066fNdbkjzyRyDW8j6eCt1TWHwmr+BF3fduETOonAMW0L4c+fLPynVejQ==",
      "requires": {
        "@aws-cdk/aws-applicationautoscaling": "1.142.0",
        "@aws-cdk/aws-cloudwatch": "1.142.0",
        "@aws-cdk/aws-codeguruprofiler": "1.142.0",
        "@aws-cdk/aws-ec2": "1.142.0",
        "@aws-cdk/aws-ecr": "1.142.0",
        "@aws-cdk/aws-ecr-assets": "1.142.0",
        "@aws-cdk/aws-efs": "1.142.0",
        "@aws-cdk/aws-events": "1.142.0",
        "@aws-cdk/aws-iam": "1.142.0",
        "@aws-cdk/aws-kms": "1.142.0",
        "@aws-cdk/aws-logs": "1.142.0",
        "@aws-cdk/aws-s3": "1.142.0",
        "@aws-cdk/aws-s3-assets": "1.142.0",
        "@aws-cdk/aws-signer": "1.142.0",
        "@aws-cdk/aws-sqs": "1.142.0",
        "@aws-cdk/core": "1.142.0",
        "@aws-cdk/cx-api": "1.142.0",
        "@aws-cdk/region-info": "1.142.0",
        "constructs": "^3.3.69"
      }
    },
    "@aws-cdk/aws-logs": {
      "version": "1.142.0",
      "resolved": "https://registry.npmjs.org/@aws-cdk/aws-logs/-/aws-logs-1.142.0.tgz",
      "integrity": "sha512-KAmG/S1A4C9p6IBbNgdoVzZ2SYNA8UHeof5XmRLi+LEqRKn1fTUSGtI+FgURZ+q2QrZAiRotAE3roDEWqingyw==",
      "requires": {
        "@aws-cdk/aws-cloudwatch": "1.142.0",
        "@aws-cdk/aws-iam": "1.142.0",
        "@aws-cdk/aws-kms": "1.142.0",
        "@aws-cdk/aws-s3-assets": "1.142.0",
        "@aws-cdk/core": "1.142.0",
        "@aws-cdk/cx-api": "1.142.0",
        "constructs": "^3.3.69"
      }
    },
    "@aws-cdk/aws-s3": {
      "version": "1.142.0",
      "resolved": "https://registry.npmjs.org/@aws-cdk/aws-s3/-/aws-s3-1.142.0.tgz",
      "integrity": "sha512-fIW8mVRUtB9s25hEPOP543hdebGcQtQEVL/9BGnVJ2uIwB3zvUrFk9TSJFo0Qq33w0vuIL9/LPAcZQTIV4x1CA==",
      "requires": {
        "@aws-cdk/aws-events": "1.142.0",
        "@aws-cdk/aws-iam": "1.142.0",
        "@aws-cdk/aws-kms": "1.142.0",
        "@aws-cdk/core": "1.142.0",
        "@aws-cdk/cx-api": "1.142.0",
        "constructs": "^3.3.69"
      }
    },
    "@aws-cdk/aws-s3-assets": {
      "version": "1.142.0",
      "resolved": "https://registry.npmjs.org/@aws-cdk/aws-s3-assets/-/aws-s3-assets-1.142.0.tgz",
      "integrity": "sha512-kfjtZ2h73fHtT/sjSXGw2EcD2xrYY8z7QrIlWq2w8E5oq/EGr2Bmm6a0hDS/Ezg8ajbcvnAtdQNHSZS3nyTeqg==",
      "requires": {
        "@aws-cdk/assets": "1.142.0",
        "@aws-cdk/aws-iam": "1.142.0",
        "@aws-cdk/aws-kms": "1.142.0",
        "@aws-cdk/aws-s3": "1.142.0",
        "@aws-cdk/core": "1.142.0",
        "@aws-cdk/cx-api": "1.142.0",
        "constructs": "^3.3.69"
      }
    },
    "@aws-cdk/aws-signer": {
      "version": "1.142.0",
      "resolved": "https://registry.npmjs.org/@aws-cdk/aws-signer/-/aws-signer-1.142.0.tgz",
      "integrity": "sha512-jKvOJp+D4CIcfCAT3HYiOvJRer+vwqcGcFbm6puHGN8euUZ8UiNdiqBPEsoHb/ccdsuiKBolTEuZJppCmylwbw==",
      "requires": {
        "@aws-cdk/core": "1.142.0",
        "constructs": "^3.3.69"
      }
    },
    "@aws-cdk/aws-sqs": {
      "version": "1.142.0",
      "resolved": "https://registry.npmjs.org/@aws-cdk/aws-sqs/-/aws-sqs-1.142.0.tgz",
      "integrity": "sha512-bzYCT4/y9wsr3cbk9Kyimhur5s3ERTsPbJbpknK0l/4+qIMh2EY5INmFGz0jY4e8YM3pLjxASr6MJPgNeLwAeA==",
      "requires": {
        "@aws-cdk/aws-cloudwatch": "1.142.0",
        "@aws-cdk/aws-iam": "1.142.0",
        "@aws-cdk/aws-kms": "1.142.0",
        "@aws-cdk/core": "1.142.0",
        "constructs": "^3.3.69"
      }
    },
    "@aws-cdk/aws-ssm": {
      "version": "1.142.0",
      "resolved": "https://registry.npmjs.org/@aws-cdk/aws-ssm/-/aws-ssm-1.142.0.tgz",
      "integrity": "sha512-pqVvnTnOTpp1A+x7XDF8tUQFTEuBk5wMIOjz3KHtVIsaMdrijTkhUGWp3IpDiARdIwPvPI366LIbB/PVjQJ4KA==",
      "requires": {
        "@aws-cdk/aws-iam": "1.142.0",
        "@aws-cdk/aws-kms": "1.142.0",
        "@aws-cdk/cloud-assembly-schema": "1.142.0",
        "@aws-cdk/core": "1.142.0",
        "constructs": "^3.3.69"
      }
    },
    "@aws-cdk/cloud-assembly-schema": {
      "version": "1.142.0",
      "resolved": "https://registry.npmjs.org/@aws-cdk/cloud-assembly-schema/-/cloud-assembly-schema-1.142.0.tgz",
      "integrity": "sha512-Cn9jYWga+Zmtvl3cvtYodQcOZe2CGxgCK9Rm9Cfq+5WcwaRxh50LQSlakOKIEbdd1pLtB8jKXl0bo9TIE6J9dg==",
      "requires": {
        "jsonschema": "^1.4.0",
        "semver": "^7.3.5"
      },
      "dependencies": {
        "jsonschema": {
          "version": "1.4.0",
          "bundled": true
        },
        "lru-cache": {
          "version": "6.0.0",
          "bundled": true,
          "requires": {
            "yallist": "^4.0.0"
          }
        },
        "semver": {
          "version": "7.3.5",
          "bundled": true,
          "requires": {
            "lru-cache": "^6.0.0"
          }
        },
        "yallist": {
          "version": "4.0.0",
          "bundled": true
        }
      }
    },
    "@aws-cdk/core": {
      "version": "1.142.0",
      "resolved": "https://registry.npmjs.org/@aws-cdk/core/-/core-1.142.0.tgz",
      "integrity": "sha512-qM+e97MqEEghoQai4NXqHsW7r7AI0kLW9HmZh8v/Vzqw/1XopEZbBR3TUWShwh32D1e23L9vmHZoiiMLt02sEQ==",
      "requires": {
        "@aws-cdk/cloud-assembly-schema": "1.142.0",
        "@aws-cdk/cx-api": "1.142.0",
        "@aws-cdk/region-info": "1.142.0",
        "@balena/dockerignore": "^1.0.2",
        "constructs": "^3.3.69",
        "fs-extra": "^9.1.0",
        "ignore": "^5.2.0",
        "minimatch": "^3.0.4"
      },
      "dependencies": {
        "@balena/dockerignore": {
          "version": "1.0.2",
          "bundled": true
        },
        "at-least-node": {
          "version": "1.0.0",
          "bundled": true
        },
        "balanced-match": {
          "version": "1.0.2",
          "bundled": true
        },
        "brace-expansion": {
          "version": "1.1.11",
          "bundled": true,
          "requires": {
            "balanced-match": "^1.0.0",
            "concat-map": "0.0.1"
          }
        },
        "concat-map": {
          "version": "0.0.1",
          "bundled": true
        },
        "fs-extra": {
          "version": "9.1.0",
          "bundled": true,
          "requires": {
            "at-least-node": "^1.0.0",
            "graceful-fs": "^4.2.0",
            "jsonfile": "^6.0.1",
            "universalify": "^2.0.0"
          }
        },
        "graceful-fs": {
          "version": "4.2.9",
          "bundled": true
        },
        "ignore": {
          "version": "5.2.0",
          "bundled": true
        },
        "jsonfile": {
          "version": "6.1.0",
          "bundled": true,
          "requires": {
            "graceful-fs": "^4.1.6",
            "universalify": "^2.0.0"
          }
        },
        "minimatch": {
          "version": "3.0.4",
          "bundled": true,
          "requires": {
            "brace-expansion": "^1.1.7"
          }
        },
        "universalify": {
          "version": "2.0.0",
          "bundled": true
        }
      }
    },
    "@aws-cdk/cx-api": {
      "version": "1.142.0",
      "resolved": "https://registry.npmjs.org/@aws-cdk/cx-api/-/cx-api-1.142.0.tgz",
      "integrity": "sha512-5QVYD8CMkkQ/i2A4MQEj58aWVXc46qc+is/CNwLywUhNxzVZz1qvwoZaXOrLIBMFzRDsKZ/aUdm1Qh5meznhXg==",
      "requires": {
        "@aws-cdk/cloud-assembly-schema": "1.142.0",
        "semver": "^7.3.5"
      },
      "dependencies": {
        "lru-cache": {
          "version": "6.0.0",
          "bundled": true,
          "requires": {
            "yallist": "^4.0.0"
          }
        },
        "semver": {
          "version": "7.3.5",
          "bundled": true,
          "requires": {
            "lru-cache": "^6.0.0"
          }
        },
        "yallist": {
          "version": "4.0.0",
          "bundled": true
        }
      }
    },
    "@aws-cdk/region-info": {
      "version": "1.142.0",
      "resolved": "https://registry.npmjs.org/@aws-cdk/region-info/-/region-info-1.142.0.tgz",
      "integrity": "sha512-74AX+RtqvX9rOqi+1RSYs2yXLLb+pACS4iWDgG9MyK5KwDPfAQb7HjpnlQ8teENGRLvdnqlWF3aK2oypGTf1sA=="
    },
    "@types/node": {
      "version": "17.0.13",
      "resolved": "https://registry.npmjs.org/@types/node/-/node-17.0.13.tgz",
      "integrity": "sha512-Y86MAxASe25hNzlDbsviXl8jQHb0RDvKt4c40ZJQ1Don0AAL0STLZSs4N+6gLEO55pedy7r2cLwS+ZDxPm/2Bw==",
      "dev": true
    },
    "@types/uglify-js": {
      "version": "3.13.1",
      "resolved": "https://registry.npmjs.org/@types/uglify-js/-/uglify-js-3.13.1.tgz",
      "integrity": "sha512-O3MmRAk6ZuAKa9CHgg0Pr0+lUOqoMLpc9AS4R8ano2auvsg7IE8syF3Xh/NPr26TWklxYcqoEEFdzLLs1fV9PQ==",
      "dev": true,
      "requires": {
        "source-map": "^0.6.1"
      }
    },
    "constructs": {
      "version": "3.3.204",
      "resolved": "https://registry.npmjs.org/constructs/-/constructs-3.3.204.tgz",
      "integrity": "sha512-+m9G6Se/knusaRbS2KUfmu3DhNCSL6OdSs2Vy4bPd3M5oTwdAx4JOamfmnn8wJRePtVX8+5cFiaKYqCVOdqOow=="
    },
    "source-map": {
      "version": "0.6.1",
      "resolved": "https://registry.npmjs.org/source-map/-/source-map-0.6.1.tgz",
      "integrity": "sha512-UjgapumWlbMhkBgzT7Ykc5YXUT46F0iKu8SGXq0bcwP5dz/h0Plj6enJqjz1Zbq2l5WaqYnrVbwWOWMyF3F47g==",
      "dev": true
    },
    "typescript": {
      "version": "4.5.5",
      "resolved": "https://registry.npmjs.org/typescript/-/typescript-4.5.5.tgz",
      "integrity": "sha512-TCTIul70LyWe6IJWT8QSYeA54WQe8EjQFU4wY52Fasj5UKx88LNYKCgBEHcOMOrFF1rKGbD8v/xcNWVUq9SymA==",
      "dev": true
    },
    "uglify-js": {
      "version": "3.15.0",
      "resolved": "https://registry.npmjs.org/uglify-js/-/uglify-js-3.15.0.tgz",
      "integrity": "sha512-x+xdeDWq7FiORDvyIJ0q/waWd4PhjBNOm5dQUOq2AKC0IEjxOS66Ha9tctiVDGcRQuh69K7fgU5oRuTK4cysSg=="
    }
  }
}
