{
  "name": "@garretcharp/cdk-constructs-v2",
  "version": "0.3.1",
  "lockfileVersion": 1,
  "requires": true,
  "dependencies": {
    "@garretcharp/cdk-constructs-algolia-v2": {
      "version": "0.2.0",
      "resolved": "https://registry.npmjs.org/@garretcharp/cdk-constructs-algolia-v2/-/cdk-constructs-algolia-v2-0.2.0.tgz",
      "integrity": "sha512-l2D1Lrz8weCe8ZqrtEOdNWY5RGfz/P5yM4Y/V1ixzj1F9kB6YTGfNmOQu15nL5xIRfX9cgQmU/XyxP55pJ7QeQ==",
      "requires": {
        "aws-cdk-lib": "^2.00.0",
        "constructs": "^10.0.50",
        "uglify-js": "^3.15.0"
      }
    },
    "aws-cdk-lib": {
      "version": "2.10.0",
      "resolved": "https://registry.npmjs.org/aws-cdk-lib/-/aws-cdk-lib-2.10.0.tgz",
      "integrity": "sha512-sMQvQzDqfHumbDOwH2nnyu/sKl7HMi4LkIDRlhW/dLZhYiLvEbwA8ZUclY9g5NuSihF+3G9x1uOjBETBGp+rTg==",
      "requires": {
        "@balena/dockerignore": "^1.0.2",
        "case": "1.6.3",
        "fs-extra": "^9.1.0",
        "ignore": "^5.2.0",
        "jsonschema": "^1.4.0",
        "minimatch": "^3.0.4",
        "punycode": "^2.1.1",
        "semver": "^7.3.5",
        "yaml": "1.10.2"
      },
      "dependencies": {
        "@balena/dockerignore": {
          "version": "1.0.2"
        },
        "at-least-node": {
          "version": "1.0.0"
        },
        "balanced-match": {
          "version": "1.0.2"
        },
        "brace-expansion": {
          "version": "1.1.11",
          "requires": {
            "balanced-match": "^1.0.0",
            "concat-map": "0.0.1"
          }
        },
        "case": {
          "version": "1.6.3"
        },
        "concat-map": {
          "version": "0.0.1"
        },
        "fs-extra": {
          "version": "9.1.0",
          "requires": {
            "at-least-node": "^1.0.0",
            "graceful-fs": "^4.2.0",
            "jsonfile": "^6.0.1",
            "universalify": "^2.0.0"
          }
        },
        "graceful-fs": {
          "version": "4.2.9"
        },
        "ignore": {
          "version": "5.2.0"
        },
        "jsonfile": {
          "version": "6.1.0",
          "requires": {
            "graceful-fs": "^4.1.6",
            "universalify": "^2.0.0"
          }
        },
        "jsonschema": {
          "version": "1.4.0"
        },
        "lru-cache": {
          "version": "6.0.0",
          "requires": {
            "yallist": "^4.0.0"
          }
        },
        "minimatch": {
          "version": "3.0.4",
          "requires": {
            "brace-expansion": "^1.1.7"
          }
        },
        "punycode": {
          "version": "2.1.1"
        },
        "semver": {
          "version": "7.3.5",
          "requires": {
            "lru-cache": "^6.0.0"
          }
        },
        "universalify": {
          "version": "2.0.0"
        },
        "yallist": {
          "version": "4.0.0"
        },
        "yaml": {
          "version": "1.10.2"
        }
      }
    },
    "constructs": {
      "version": "10.0.50",
      "resolved": "https://registry.npmjs.org/constructs/-/constructs-10.0.50.tgz",
      "integrity": "sha512-VD42/7n4arHVQO445+EHFb7GHmR2+NTt2xHjhbJg93bm2d8ixkRw39aSFdlNurd7DAcOekmXNSU47TM0G7wEmA=="
    },
    "uglify-js": {
      "version": "3.15.0",
      "resolved": "https://registry.npmjs.org/uglify-js/-/uglify-js-3.15.0.tgz",
      "integrity": "sha512-x+xdeDWq7FiORDvyIJ0q/waWd4PhjBNOm5dQUOq2AKC0IEjxOS66Ha9tctiVDGcRQuh69K7fgU5oRuTK4cysSg=="
    }
  }
}
